
Microsoft Visual Studio Solution File, Format Version 12.00
# Visual Studio Version 17
VisualStudioVersion = 17.14.36811.4 d17.14
MinimumVisualStudioVersion = 10.0.40219.1
Project("{FAE04EC0-301F-11D3-BF4B-00C04F79EFBC}") = "MapboxBuoi3", "MapboxBuoi3.csproj", "{B94DD118-C66E-4A4C-B983-6DAAA9C66264}"
EndProject
Global
	GlobalSection(SolutionConfigurationPlatforms) = preSolution
		Debug|Any CPU = Debug|Any CPU
		Release|Any CPU = Release|Any CPU
	EndGlobalSection
	GlobalSection(ProjectConfigurationPlatforms) = postSolution
		{B94DD118-C66E-4A4C-B983-6DAAA9C66264}.Debug|Any CPU.ActiveCfg = Debug|Any CPU
		{B94DD118-C66E-4A4C-B983-6DAAA9C66264}.Debug|Any CPU.Build.0 = Debug|Any CPU
		{B94DD118-C66E-4A4C-B983-6DAAA9C66264}.Release|Any CPU.ActiveCfg = Release|Any CPU
		{B94DD118-C66E-4A4C-B983-6DAAA9C66264}.Release|Any CPU.Build.0 = Release|Any CPU
	EndGlobalSection
	GlobalSection(SolutionProperties) = preSolution
		HideSolutionNode = FALSE
	EndGlobalSection
	GlobalSection(ExtensibilityGlobals) = postSolution
		SolutionGuid = {F99EB098-C7B3-4BB5-A59E-600349A851CB}
	EndGlobalSection
EndGlobal
