
Microsoft Visual Studio Solution File, Format Version 12.00
# Visual Studio Version 17
VisualStudioVersion = 17.14.36811.4 d17.14
MinimumVisualStudioVersion = 10.0.40219.1
Project("{8BC9CEB8-8B4A-11D0-8D11-00A0C91BC942}") = "BaiTapCuaSo", "BaiTapCuaSo.vcxproj", "{948AE2F3-E808-43C4-AAA8-3B0A88B0098D}"
EndProject
Global
	GlobalSection(SolutionConfigurationPlatforms) = preSolution
		Debug|x64 = Debug|x64
		Debug|x86 = Debug|x86
		Release|x64 = Release|x64
		Release|x86 = Release|x86
	EndGlobalSection
	GlobalSection(ProjectConfigurationPlatforms) = postSolution
		{948AE2F3-E808-43C4-AAA8-3B0A88B0098D}.Debug|x64.ActiveCfg = Debug|x64
		{948AE2F3-E808-43C4-AAA8-3B0A88B0098D}.Debug|x64.Build.0 = Debug|x64
		{948AE2F3-E808-43C4-AAA8-3B0A88B0098D}.Debug|x86.ActiveCfg = Debug|Win32
		{948AE2F3-E808-43C4-AAA8-3B0A88B0098D}.Debug|x86.Build.0 = Debug|Win32
		{948AE2F3-E808-43C4-AAA8-3B0A88B0098D}.Release|x64.ActiveCfg = Release|x64
		{948AE2F3-E808-43C4-AAA8-3B0A88B0098D}.Release|x64.Build.0 = Release|x64
		{948AE2F3-E808-43C4-AAA8-3B0A88B0098D}.Release|x86.ActiveCfg = Release|Win32
		{948AE2F3-E808-43C4-AAA8-3B0A88B0098D}.Release|x86.Build.0 = Release|Win32
	EndGlobalSection
	GlobalSection(SolutionProperties) = preSolution
		HideSolutionNode = FALSE
	EndGlobalSection
	GlobalSection(ExtensibilityGlobals) = postSolution
		SolutionGuid = {2B56D3EE-4113-4F88-A699-BD5114EA1051}
	EndGlobalSection
EndGlobal
