
Microsoft Visual Studio Solution File, Format Version 12.00
# Visual Studio Version 17
VisualStudioVersion = 17.14.36811.4 d17.14
MinimumVisualStudioVersion = 10.0.40219.1
Project("{FAE04EC0-301F-11D3-BF4B-00C04F79EFBC}") = "ExpenseWeb", "ExpenseWeb.csproj", "{0106DF0A-FE35-44B2-B33B-5281C04B57CB}"
EndProject
Global
	GlobalSection(SolutionConfigurationPlatforms) = preSolution
		Debug|Any CPU = Debug|Any CPU
		Release|Any CPU = Release|Any CPU
	EndGlobalSection
	GlobalSection(ProjectConfigurationPlatforms) = postSolution
		{0106DF0A-FE35-44B2-B33B-5281C04B57CB}.Debug|Any CPU.ActiveCfg = Debug|Any CPU
		{0106DF0A-FE35-44B2-B33B-5281C04B57CB}.Debug|Any CPU.Build.0 = Debug|Any CPU
		{0106DF0A-FE35-44B2-B33B-5281C04B57CB}.Release|Any CPU.ActiveCfg = Release|Any CPU
		{0106DF0A-FE35-44B2-B33B-5281C04B57CB}.Release|Any CPU.Build.0 = Release|Any CPU
	EndGlobalSection
	GlobalSection(SolutionProperties) = preSolution
		HideSolutionNode = FALSE
	EndGlobalSection
	GlobalSection(ExtensibilityGlobals) = postSolution
		SolutionGuid = {752BAFDF-2041-4DF1-BA8D-032F84B4B97B}
	EndGlobalSection
EndGlobal
